version: 3
bm25:
  implementation: acharya.raw_bm25_v1
  revision: 1
embedder:
  repository: BAAI/bge-small-en-v1.5
  revision: 5c38ec7c405ec4b44b94cc5a9bb96e735b38267a
  query_prefix: "Represent this sentence for searching relevant passages: "
  trust_remote_code: false
  dimensions: 384
reranker:
  repository: BAAI/bge-reranker-base
  revision: 2cfc18c9415c912f9d8155881c133215df768a70
  trust_remote_code: false
support_verifier:
  repository: MoritzLaurer/DeBERTa-v3-base-mnli-fever-anli
  revision: 6f5cf0a2b59cabb106aca4c287eed12e357e90eb
  trust_remote_code: false
  entailment_label: 0
  maximum_tokens: 512
  premise_stride: 64
  files:
    .gitattributes: 98ccb431c012ebfe976280fbd45aea4cec7409935868ccecf3954370f96732a1
    README.md: 4ffce2b113463476777ccc8efd1f0ea0571510a96a2c84f2d2aab152951b13ca
    added_tokens.json: dc046d04c9b0ada7ae6f1dc89c465801799acdf0c9a6aab8c15a1b2d5ca4e91f
    config.json: a6c616d6dabeacf90fd0e776c741d3f0f30a05533ccf0bd3b5b62e94cfaa8d57
    model.safetensors: 06d6fd89edd4f97816831626daafbdb0b029cf63bae8edc0bccab1d64e2e7707
    pytorch_model.bin: 2a2d9e8fc302d1a04f0325c4b0d37aa504f64971667078ad04dfbb7120006d2f
    special_tokens_map.json: 9463f61e1b109a8eb4688b829260d7c6b1e6dff04c98ff7269bb89e2b92369b9
    spm.model: c679fbf93643d19aab7ee10c0b99e460bdbc02fedf34b92b05af343b4af586fd
    tokenizer.json: 05402ffae6dd382a8491b1d29bfc139bec5d332662e86a026f433ce54c25c202
    tokenizer_config.json: 557b3d33d3f41b81ad769244e506549e98a1857d41dd58160aacd4d98d710b5a
